// !$*UTF8*$!
{
	archiveVersion = 1;
	classes = {
	};
	objectVersion = 46;
	objects = {

/* Begin PBXBuildFile section */
		E5821C541E371987004DCCA0 /* AppDelegate.swift in Sources */ = {isa = PBXBuildFile; fileRef = E5821C531E371987004DCCA0 /* AppDelegate.swift */; };
		E5821C561E371987004DCCA0 /* Shader.fsh in Resources */ = {isa = PBXBuildFile; fileRef = E5821C551E371987004DCCA0 /* Shader.fsh */; };
		E5821C581E371987004DCCA0 /* Shader.vsh in Resources */ = {isa = PBXBuildFile; fileRef = E5821C571E371987004DCCA0 /* Shader.vsh */; };
		E5821C5A1E371987004DCCA0 /* GameViewController.swift in Sources */ = {isa = PBXBuildFile; fileRef = E5821C591E371987004DCCA0 /* GameViewController.swift */; };
		E5821C5D1E371987004DCCA0 /* Main.storyboard in Resources */ = {isa = PBXBuildFile; fileRef = E5821C5B1E371987004DCCA0 /* Main.storyboard */; };
		E5821C5F1E371987004DCCA0 /* Assets.xcassets in Resources */ = {isa = PBXBuildFile; fileRef = E5821C5E1E371987004DCCA0 /* Assets.xcassets */; };
		E5821C621E371987004DCCA0 /* LaunchScreen.storyboard in Resources */ = {isa = PBXBuildFile; fileRef = E5821C601E371987004DCCA0 /* LaunchScreen.storyboard */; };
/* End PBXBuildFile section */

/* Begin PBXFileReference section */
		E5821C501E371987004DCCA0 /* sample.app */ = {isa = PBXFileReference; explicitFileType = wrapper.application; includeInIndex = 0; path = sample.app; sourceTree = BUILT_PRODUCTS_DIR; };
		E5821C531E371987004DCCA0 /* AppDelegate.swift */ = {isa = PBXFileReference; lastKnownFileType = sourcecode.swift; path = AppDelegate.swift; sourceTree = "<group>"; };
		E5821C551E371987004DCCA0 /* Shader.fsh */ = {isa = PBXFileReference; lastKnownFileType = sourcecode.glsl; name = Shader.fsh; path = Shaders/Shader.fsh; sourceTree = "<group>"; };
		E5821C571E371987004DCCA0 /* Shader.vsh */ = {isa = PBXFileReference; lastKnownFileType = sourcecode.glsl; name = Shader.vsh; path = Shaders/Shader.vsh; sourceTree = "<group>"; };
		E5821C591E371987004DCCA0 /* GameViewController.swift */ = {isa = PBXFileReference; lastKnownFileType = sourcecode.swift; path = GameViewController.swift; sourceTree = "<group>"; };
		E5821C5C1E371987004DCCA0 /* Base */ = {isa = PBXFileReference; lastKnownFileType = file.storyboard; name = Base; path = Base.lproj/Main.storyboard; sourceTree = "<group>"; };
		E5821C5E1E371987004DCCA0 /* Assets.xcassets */ = {isa = PBXFileReference; lastKnownFileType = folder.assetcatalog; path = Assets.xcassets; sourceTree = "<group>"; };
		E5821C611E371987004DCCA0 /* Base */ = {isa = PBXFileReference; lastKnownFileType = file.storyboard; name = Base; path = Base.lproj/LaunchScreen.storyboard; sourceTree = "<group>"; };
		E5821C631E371987004DCCA0 /* Info.plist */ = {isa = PBXFileReference; lastKnownFileType = text.plist.xml; path = Info.plist; sourceTree = "<group>"; };
/* End PBXFileReference section */

/* Begin PBXFrameworksBuildPhase section */
		E5821C4D1E371987004DCCA0 /* Frameworks */ = {
			isa = PBXFrameworksBuildPhase;
			buildActionMask = 2147483647;
			files = (
			);
			runOnlyForDeploymentPostprocessing = 0;
		};
/* End PBXFrameworksBuildPhase section */

/* Begin PBXGroup section */
		E5821C471E371987004DCCA0 = {
			isa = PBXGroup;
			children = (
				E5821C521E371987004DCCA0 /* sample */,
				E5821C511E371987004DCCA0 /* Products */,
			);
			sourceTree = "<group>";
		};
		E5821C511E371987004DCCA0 /* Products */ = {
			isa = PBXGroup;
			children = (
				E5821C501E371987004DCCA0 /* sample.app */,
			);
			name = Products;
			sourceTree = "<group>";
		};
		E5821C521E371987004DCCA0 /* sample */ = {
			isa = PBXGroup;
			children = (
				E5821C531E371987004DCCA0 /* AppDelegate.swift */,
				E5821C551E371987004DCCA0 /* Shader.fsh */,
				E5821C571E371987004DCCA0 /* Shader.vsh */,
				E5821C591E371987004DCCA0 /* GameViewController.swift */,
				E5821C5B1E371987004DCCA0 /* Main.storyboard */,
				E5821C5E1E371987004DCCA0 /* Assets.xcassets */,
				E5821C601E371987004DCCA0 /* LaunchScreen.storyboard */,
				E5821C631E371987004DCCA0 /* Info.plist */,
			);
			path = sample;
			sourceTree = "<group>";
		};
/* End PBXGroup section */

/* Begin PBXNativeTarget section */
		E5821C4F1E371987004DCCA0 /* sample */ = {
			isa = PBXNativeTarget;
			buildConfigurationList = E5821C661E371987004DCCA0 /* Build configuration list for PBXNativeTarget "sample" */;
			buildPhases = (
				E5821C4C1E371987004DCCA0 /* Sources */,
				E5821C4D1E371987004DCCA0 /* Frameworks */,
				E5821C4E1E371987004DCCA0 /* Resources */,
			);
			buildRules = (
			);
			dependencies = (
			);
			name = sample;
			productName = sample;
			productReference = E5821C501E371987004DCCA0 /* sample.app */;
			productType = "com.apple.product-type.application";
		};
/* End PBXNativeTarget section */

/* Begin PBXProject section */
		E5821C481E371987004DCCA0 /* Project object */ = {
			isa = PBXProject;
			attributes = {
				LastSwiftUpdateCheck = 0730;
				LastUpgradeCheck = 0730;
				ORGANIZATIONNAME = "とますにこらす";
				TargetAttributes = {
					E5821C4F1E371987004DCCA0 = {
						CreatedOnToolsVersion = 7.3.1;
					};
				};
			};
			buildConfigurationList = E5821C4B1E371987004DCCA0 /* Build configuration list for PBXProject "sample" */;
			compatibilityVersion = "Xcode 3.2";
			developmentRegion = English;
			hasScannedForEncodings = 0;
			knownRegions = (
				en,
				Base,
			);
			mainGroup = E5821C471E371987004DCCA0;
			productRefGroup = E5821C511E371987004DCCA0 /* Products */;
			projectDirPath = "";
			projectRoot = "";
			targets = (
				E5821C4F1E371987004DCCA0 /* sample */,
			);
		};
/* End PBXProject section */

/* Begin PBXResourcesBuildPhase section */
		E5821C4E1E371987004DCCA0 /* Resources */ = {
			isa = PBXResourcesBuildPhase;
			buildActionMask = 2147483647;
			files = (
				E5821C5D1E371987004DCCA0 /* Main.storyboard in Resources */,
				E5821C581E371987004DCCA0 /* Shader.vsh in Resources */,
				E5821C5F1E371987004DCCA0 /* Assets.xcassets in Resources */,
				E5821C621E371987004DCCA0 /* LaunchScreen.storyboard in Resources */,
				E5821C561E371987004DCCA0 /* Shader.fsh in Resources */,
			);
			runOnlyForDeploymentPostprocessing = 0;
		};
/* End PBXResourcesBuildPhase section */

/* Begin PBXSourcesBuildPhase section */
		E5821C4C1E371987004DCCA0 /* Sources */ = {
			isa = PBXSourcesBuildPhase;
			buildActionMask = 2147483647;
			files = (
				E5821C5A1E371987004DCCA0 /* GameViewController.swift in Sources */,
				E5821C541E371987004DCCA0 /* AppDelegate.swift in Sources */,
			);
			runOnlyForDeploymentPostprocessing = 0;
		};
/* End PBXSourcesBuildPhase section */

/* Begin PBXVariantGroup section */
		E5821C5B1E371987004DCCA0 /* Main.storyboard */ = {
			isa = PBXVariantGroup;
			children = (
				E5821C5C1E371987004DCCA0 /* Base */,
			);
			name = Main.storyboard;
			sourceTree = "<group>";
		};
		E5821C601E371987004DCCA0 /* LaunchScreen.storyboard */ = {
			isa = PBXVariantGroup;
			children = (
				E5821C611E371987004DCCA0 /* Base */,
			);
			name = LaunchScreen.storyboard;
			sourceTree = "<group>";
		};
/* End PBXVariantGroup section */

/* Begin XCBuildConfiguration section */
		E5821C641E371987004DCCA0 /* Debug */ = {
			isa = XCBuildConfiguration;
			buildSettings = {
				ALWAYS_SEARCH_USER_PATHS = NO;
				CLANG_ANALYZER_NONNULL = YES;
				CLANG_CXX_LANGUAGE_STANDARD = "gnu++0x";
				CLANG_CXX_LIBRARY = "libc++";
				CLANG_ENABLE_MODULES = YES;
				CLANG_ENABLE_OBJC_ARC = YES;
				CLANG_WARN_BOOL_CONVERSION = YES;
				CLANG_WARN_CONSTANT_CONVERSION = YES;
				CLANG_WARN_DIRECT_OBJC_ISA_USAGE = YES_ERROR;
				CLANG_WARN_EMPTY_BODY = YES;
				CLANG_WARN_ENUM_CONVERSION = YES;
				CLANG_WARN_INT_CONVERSION = YES;
				CLANG_WARN_OBJC_ROOT_CLASS = YES_ERROR;
				CLANG_WARN_UNREACHABLE_CODE = YES;
				CLANG_WARN__DUPLICATE_METHOD_MATCH = YES;
				"CODE_SIGN_IDENTITY[sdk=iphoneos*]" = "iPhone Developer";
				COPY_PHASE_STRIP = NO;
				DEBUG_INFORMATION_FORMAT = "dwarf-with-dsym";
				ENABLE_STRICT_OBJC_MSGSEND = YES;
				ENABLE_TESTABILITY = YES;
				GCC_C_LANGUAGE_STANDARD = gnu99;
				GCC_DYNAMIC_NO_PIC = NO;
				GCC_NO_COMMON_BLOCKS = YES;
				GCC_OPTIMIZATION_LEVEL = 0;
				GCC_PREPROCESSOR_DEFINITIONS = (
					"DEBUG=1",
					"$(inherited)",
				);
				GCC_WARN_64_TO_32_BIT_CONVERSION = YES;
				GCC_WARN_ABOUT_RETURN_TYPE = YES_ERROR;
				GCC_WARN_UNDECLARED_SELECTOR = YES;
				GCC_WARN_UNINITIALIZED_AUTOS = YES_AGGRESSIVE;
				GCC_WARN_UNUSED_FUNCTION = YES;
				GCC_WARN_UNUSED_VARIABLE = YES;
				IPHONEOS_DEPLOYMENT_TARGET = 9.3;
				MTL_ENABLE_DEBUG_INFO = YES;
				ONLY_ACTIVE_ARCH = YES;
				SDKROOT = iphoneos;
				SWIFT_OPTIMIZATION_LEVEL = "-Onone";
			};
			name = Debug;
		};
		E5821C651E371987004DCCA0 /* Release */ = {
			isa = XCBuildConfiguration;
			buildSettings = {
				ALWAYS_SEARCH_USER_PATHS = NO;
				CLANG_ANALYZER_NONNULL = YES;
				CLANG_CXX_LANGUAGE_STANDARD = "gnu++0x";
				CLANG_CXX_LIBRARY = "libc++";
				CLANG_ENABLE_MODULES = YES;
				CLANG_ENABLE_OBJC_ARC = YES;
				CLANG_WARN_BOOL_CONVERSION = YES;
				CLANG_WARN_CONSTANT_CONVERSION = YES;
				CLANG_WARN_DIRECT_OBJC_ISA_USAGE = YES_ERROR;
				CLANG_WARN_EMPTY_BODY = YES;
				CLANG_WARN_ENUM_CONVERSION = YES;
				CLANG_WARN_INT_CONVERSION = YES;
				CLANG_WARN_OBJC_ROOT_CLASS = YES_ERROR;
				CLANG_WARN_UNREACHABLE_CODE = YES;
				CLANG_WARN__DUPLICATE_METHOD_MATCH = YES;
				"CODE_SIGN_IDENTITY[sdk=iphoneos*]" = "iPhone Developer";
				COPY_PHASE_STRIP = NO;
				DEBUG_INFORMATION_FORMAT = "dwarf-with-dsym";
				ENABLE_NS_ASSERTIONS = NO;
				ENABLE_STRICT_OBJC_MSGSEND = YES;
				GCC_C_LANGUAGE_STANDARD = gnu99;
				GCC_NO_COMMON_BLOCKS = YES;
				GCC_WARN_64_TO_32_BIT_CONVERSION = YES;
				GCC_WARN_ABOUT_RETURN_TYPE = YES_ERROR;
				GCC_WARN_UNDECLARED_SELECTOR = YES;
				GCC_WARN_UNINITIALIZED_AUTOS = YES_AGGRESSIVE;
				GCC_WARN_UNUSED_FUNCTION = YES;
				GCC_WARN_UNUSED_VARIABLE = YES;
				IPHONEOS_DEPLOYMENT_TARGET = 9.3;
				MTL_ENABLE_DEBUG_INFO = NO;
				SDKROOT = iphoneos;
				VALIDATE_PRODUCT = YES;
			};
			name = Release;
		};
		E5821C671E371987004DCCA0 /* Debug */ = {
			isa = XCBuildConfiguration;
			buildSettings = {
				ASSETCATALOG_COMPILER_APPICON_NAME = AppIcon;
				INFOPLIST_FILE = sample/Info.plist;
				LD_RUNPATH_SEARCH_PATHS = "$(inherited) @executable_path/Frameworks";
				PRODUCT_BUNDLE_IDENTIFIER = com.tomasunicorasu.sample;
				PRODUCT_NAME = "$(TARGET_NAME)";
			};
			name = Debug;
		};
		E5821C681E371987004DCCA0 /* Release */ = {
			isa = XCBuildConfiguration;
			buildSettings = {
				ASSETCATALOG_COMPILER_APPICON_NAME = AppIcon;
				INFOPLIST_FILE = sample/Info.plist;
				LD_RUNPATH_SEARCH_PATHS = "$(inherited) @executable_path/Frameworks";
				PRODUCT_BUNDLE_IDENTIFIER = com.tomasunicorasu.sample;
				PRODUCT_NAME = "$(TARGET_NAME)";
			};
			name = Release;
		};
/* End XCBuildConfiguration section */

/* Begin XCConfigurationList section */
		E5821C4B1E371987004DCCA0 /* Build configuration list for PBXProject "sample" */ = {
			isa = XCConfigurationList;
			buildConfigurations = (
				E5821C641E371987004DCCA0 /* Debug */,
				E5821C651E371987004DCCA0 /* Release */,
			);
			defaultConfigurationIsVisible = 0;
			defaultConfigurationName = Release;
		};
		E5821C661E371987004DCCA0 /* Build configuration list for PBXNativeTarget "sample" */ = {
			isa = XCConfigurationList;
			buildConfigurations = (
				E5821C671E371987004DCCA0 /* Debug */,
				E5821C681E371987004DCCA0 /* Release */,
			);
			defaultConfigurationIsVisible = 0;
		};
/* End XCConfigurationList section */
	};
	rootObject = E5821C481E371987004DCCA0 /* Project object */;
}
